// !$*UTF8*$!
{
	archiveVersion = 1;
	classes = {
	};
	objectVersion = 46;
	objects = {

/* Begin PBXBuildFile section */
		4B79169C15188D0700077F2B /* main.cpp in Sources */ = {isa = PBXBuildFile; fileRef = 4B79169B15188D0700077F2B /* main.cpp */; };
		4B79169E15188D0700077F2B /* MacAppFix.1 in CopyFiles */ = {isa = PBXBuildFile; fileRef = 4B79169D15188D0700077F2B /* MacAppFix.1 */; };
/* End PBXBuildFile section */

/* Begin PBXCopyFilesBuildPhase section */
		4B79169515188D0700077F2B /* CopyFiles */ = {
			isa = PBXCopyFilesBuildPhase;
			buildActionMask = 2147483647;
			dstPath = /usr/share/man/man1/;
			dstSubfolderSpec = 0;
			files = (
				4B79169E15188D0700077F2B /* MacAppFix.1 in CopyFiles */,
			);
			runOnlyForDeploymentPostprocessing = 1;
		};
/* End PBXCopyFilesBuildPhase section */

/* Begin PBXFileReference section */
		4B79169715188D0700077F2B /* MacAppFix */ = {isa = PBXFileReference; explicitFileType = "compiled.mach-o.executable"; includeInIndex = 0; path = MacAppFix; sourceTree = BUILT_PRODUCTS_DIR; };
		4B79169B15188D0700077F2B /* main.cpp */ = {isa = PBXFileReference; lastKnownFileType = sourcecode.cpp.cpp; path = main.cpp; sourceTree = "<group>"; };
		4B79169D15188D0700077F2B /* MacAppFix.1 */ = {isa = PBXFileReference; lastKnownFileType = text.man; path = MacAppFix.1; sourceTree = "<group>"; };
/* End PBXFileReference section */

/* Begin PBXFrameworksBuildPhase section */
		4B79169415188D0700077F2B /* Frameworks */ = {
			isa = PBXFrameworksBuildPhase;
			buildActionMask = 2147483647;
			files = (
			);
			runOnlyForDeploymentPostprocessing = 0;
		};
/* End PBXFrameworksBuildPhase section */

/* Begin PBXGroup section */
		4B79168C15188D0700077F2B = {
			isa = PBXGroup;
			children = (
				4B79169A15188D0700077F2B /* MacAppFix */,
				4B79169815188D0700077F2B /* Products */,
			);
			sourceTree = "<group>";
		};
		4B79169815188D0700077F2B /* Products */ = {
			isa = PBXGroup;
			children = (
				4B79169715188D0700077F2B /* MacAppFix */,
			);
			name = Products;
			sourceTree = "<group>";
		};
		4B79169A15188D0700077F2B /* MacAppFix */ = {
			isa = PBXGroup;
			children = (
				4B79169B15188D0700077F2B /* main.cpp */,
				4B79169D15188D0700077F2B /* MacAppFix.1 */,
			);
			path = MacAppFix;
			sourceTree = "<group>";
		};
/* End PBXGroup section */

/* Begin PBXNativeTarget section */
		4B79169615188D0700077F2B /* MacAppFix */ = {
			isa = PBXNativeTarget;
			buildConfigurationList = 4B7916A115188D0700077F2B /* Build configuration list for PBXNativeTarget "MacAppFix" */;
			buildPhases = (
				4B79169315188D0700077F2B /* Sources */,
				4B79169415188D0700077F2B /* Frameworks */,
				4B79169515188D0700077F2B /* CopyFiles */,
			);
			buildRules = (
			);
			dependencies = (
			);
			name = MacAppFix;
			productName = MacAppFix;
			productReference = 4B79169715188D0700077F2B /* MacAppFix */;
			productType = "com.apple.product-type.tool";
		};
/* End PBXNativeTarget section */

/* Begin PBXProject section */
		4B79168E15188D0700077F2B /* Project object */ = {
			isa = PBXProject;
			attributes = {
				LastUpgradeCheck = 0420;
			};
			buildConfigurationList = 4B79169115188D0700077F2B /* Build configuration list for PBXProject "MacAppFix" */;
			compatibilityVersion = "Xcode 3.2";
			developmentRegion = English;
			hasScannedForEncodings = 0;
			knownRegions = (
				en,
			);
			mainGroup = 4B79168C15188D0700077F2B;
			productRefGroup = 4B79169815188D0700077F2B /* Products */;
			projectDirPath = "";
			projectRoot = "";
			targets = (
				4B79169615188D0700077F2B /* MacAppFix */,
			);
		};
/* End PBXProject section */

/* Begin PBXSourcesBuildPhase section */
		4B79169315188D0700077F2B /* Sources */ = {
			isa = PBXSourcesBuildPhase;
			buildActionMask = 2147483647;
			files = (
				4B79169C15188D0700077F2B /* main.cpp in Sources */,
			);
			runOnlyForDeploymentPostprocessing = 0;
		};
/* End PBXSourcesBuildPhase section */

/* Begin XCBuildConfiguration section */
		4B79169F15188D0700077F2B /* Debug */ = {
			isa = XCBuildConfiguration;
			buildSettings = {
				ALWAYS_SEARCH_USER_PATHS = NO;
				ARCHS = "$(ARCHS_STANDARD_64_BIT)";
				COPY_PHASE_STRIP = NO;
				GCC_C_LANGUAGE_STANDARD = gnu99;
				GCC_DYNAMIC_NO_PIC = NO;
				GCC_ENABLE_OBJC_EXCEPTIONS = YES;
				GCC_OPTIMIZATION_LEVEL = 0;
				GCC_PREPROCESSOR_DEFINITIONS = (
					"DEBUG=1",
					"$(inherited)",
				);
				GCC_SYMBOLS_PRIVATE_EXTERN = NO;
				GCC_VERSION = com.apple.compilers.llvm.clang.1_0;
				GCC_WARN_64_TO_32_BIT_CONVERSION = YES;
				GCC_WARN_ABOUT_MISSING_PROTOTYPES = YES;
				GCC_WARN_ABOUT_RETURN_TYPE = YES;
				GCC_WARN_UNUSED_VARIABLE = YES;
				MACOSX_DEPLOYMENT_TARGET = 10.7;
				ONLY_ACTIVE_ARCH = YES;
				SDKROOT = macosx;
			};
			name = Debug;
		};
		4B7916A015188D0700077F2B /* Release */ = {
			isa = XCBuildConfiguration;
			buildSettings = {
				ALWAYS_SEARCH_USER_PATHS = NO;
				ARCHS = "$(ARCHS_STANDARD_64_BIT)";
				COPY_PHASE_STRIP = YES;
				DEBUG_INFORMATION_FORMAT = "dwarf-with-dsym";
				GCC_C_LANGUAGE_STANDARD = gnu99;
				GCC_ENABLE_OBJC_EXCEPTIONS = YES;
				GCC_VERSION = com.apple.compilers.llvm.clang.1_0;
				GCC_WARN_64_TO_32_BIT_CONVERSION = YES;
				GCC_WARN_ABOUT_MISSING_PROTOTYPES = YES;
				GCC_WARN_ABOUT_RETURN_TYPE = YES;
				GCC_WARN_UNUSED_VARIABLE = YES;
				MACOSX_DEPLOYMENT_TARGET = 10.7;
				SDKROOT = macosx;
			};
			name = Release;
		};
		4B7916A215188D0700077F2B /* Debug */ = {
			isa = XCBuildConfiguration;
			buildSettings = {
				PRODUCT_NAME = "$(TARGET_NAME)";
			};
			name = Debug;
		};
		4B7916A315188D0700077F2B /* Release */ = {
			isa = XCBuildConfiguration;
			buildSettings = {
				PRODUCT_NAME = "$(TARGET_NAME)";
			};
			name = Release;
		};
/* End XCBuildConfiguration section */

/* Begin XCConfigurationList section */
		4B79169115188D0700077F2B /* Build configuration list for PBXProject "MacAppFix" */ = {
			isa = XCConfigurationList;
			buildConfigurations = (
				4B79169F15188D0700077F2B /* Debug */,
				4B7916A015188D0700077F2B /* Release */,
			);
			defaultConfigurationIsVisible = 0;
			defaultConfigurationName = Release;
		};
		4B7916A115188D0700077F2B /* Build configuration list for PBXNativeTarget "MacAppFix" */ = {
			isa = XCConfigurationList;
			buildConfigurations = (
				4B7916A215188D0700077F2B /* Debug */,
				4B7916A315188D0700077F2B /* Release */,
			);
			defaultConfigurationIsVisible = 0;
		};
/* End XCConfigurationList section */
	};
	rootObject = 4B79168E15188D0700077F2B /* Project object */;
}
